<?xml version="1.0" encoding="utf-8"?>
<Project ToolsVersion="4.0" xmlns="http://schemas.microsoft.com/developer/msbuild/2003">
  <ItemGroup>
    <Filter Include="Main">
      <UniqueIdentifier>{056ef852-3e5f-4d09-8c04-091caa2c8fdc}</UniqueIdentifier>
    </Filter>
    <Filter Include="Player">
      <UniqueIdentifier>{c1e9a501-1e7e-414e-adc3-2c1c7bc0d034}</UniqueIdentifier>
    </Filter>
    <Filter Include="Etc">
      <UniqueIdentifier>{67DA6AB6-F800-4c08-8B7A-83BB121AAD01}</UniqueIdentifier>
      <Extensions>rc;ico;cur;bmp;dlg;rc2;rct;bin;rgs;gif;jpg;jpeg;jpe;resx;tiff;tif;png;wav;mfcribbon-ms</Extensions>
    </Filter>
    <Filter Include="Board">
      <UniqueIdentifier>{8b09e3e2-7568-4b85-860b-27a848abaf50}</UniqueIdentifier>
    </Filter>
    <Filter Include="GameManager">
      <UniqueIdentifier>{079400df-b8aa-48a0-8e1c-b10c0b2595c9}</UniqueIdentifier>
    </Filter>
    <Filter Include="Stone">
      <UniqueIdentifier>{7d81521a-f1f8-4bb7-a90d-f3f25556abf8}</UniqueIdentifier>
    </Filter>
  </ItemGroup>
  <ItemGroup>
    <ClInclude Include="GameApp_Go.h">
      <Filter>Main</Filter>
    </ClInclude>
    <ClInclude Include="Player.h">
      <Filter>Player</Filter>
    </ClInclude>
    <ClInclude Include="framework.h">
      <Filter>Etc</Filter>
    </ClInclude>
    <ClInclude Include="Resource.h">
      <Filter>Etc</Filter>
    </ClInclude>
    <ClInclude Include="targetver.h">
      <Filter>Etc</Filter>
    </ClInclude>
    <ClInclude Include="Board.h">
      <Filter>Board</Filter>
    </ClInclude>
    <ClInclude Include="GameManager.h">
      <Filter>GameManager</Filter>
    </ClInclude>
    <ClInclude Include="GameDefine.h">
      <Filter>Main</Filter>
    </ClInclude>
    <ClInclude Include="Tile.h">
      <Filter>Board</Filter>
    </ClInclude>
    <ClInclude Include="GameUI.h">
      <Filter>Stone</Filter>
    </ClInclude>
  </ItemGroup>
  <ItemGroup>
    <ResourceCompile Include="GameApp_Go.rc">
      <Filter>Etc</Filter>
    </ResourceCompile>
  </ItemGroup>
  <ItemGroup>
    <Image Include="small.ico">
      <Filter>Etc</Filter>
    </Image>
    <Image Include="GameApp_Go.ico">
      <Filter>Etc</Filter>
    </Image>
  </ItemGroup>
  <ItemGroup>
    <ClCompile Include="GameApp_Go.cpp">
      <Filter>Main</Filter>
    </ClCompile>
    <ClCompile Include="Player.cpp">
      <Filter>Player</Filter>
    </ClCompile>
    <ClCompile Include="Board.cpp">
      <Filter>Board</Filter>
    </ClCompile>
    <ClCompile Include="GameManager.cpp">
      <Filter>GameManager</Filter>
    </ClCompile>
    <ClCompile Include="Tile.cpp">
      <Filter>Board</Filter>
    </ClCompile>
    <ClCompile Include="GameUI.cpp">
      <Filter>Stone</Filter>
    </ClCompile>
  </ItemGroup>
</Project>